// !$*UTF8*$!
{
	archiveVersion = 1;
	classes = {
	};
	objectVersion = 56;
	objects = {

/* Begin PBXBuildFile section */
		1D1458CB2B39A684006D7856 /* MyWhatsAppApp.swift in Sources */ = {isa = PBXBuildFile; fileRef = 1D1458CA2B39A684006D7856 /* MyWhatsAppApp.swift */; };
		1D1458CD2B39A684006D7856 /* ContentView.swift in Sources */ = {isa = PBXBuildFile; fileRef = 1D1458CC2B39A684006D7856 /* ContentView.swift */; };
		1D1458CF2B39A685006D7856 /* Assets.xcassets in Resources */ = {isa = PBXBuildFile; fileRef = 1D1458CE2B39A685006D7856 /* Assets.xcassets */; };
		1D1458D22B39A685006D7856 /* Preview Assets.xcassets in Resources */ = {isa = PBXBuildFile; fileRef = 1D1458D12B39A685006D7856 /* Preview Assets.xcassets */; };
		1D1458D92B39A8F5006D7856 /* GoogleService-Info.plist in Resources */ = {isa = PBXBuildFile; fileRef = 1D1458D82B39A8F5006D7856 /* GoogleService-Info.plist */; };
		1D1458DC2B39B45E006D7856 /* FirebaseAnalytics in Frameworks */ = {isa = PBXBuildFile; productRef = 1D1458DB2B39B45E006D7856 /* FirebaseAnalytics */; };
		1D1458DE2B39B45E006D7856 /* FirebaseAnalyticsOnDeviceConversion in Frameworks */ = {isa = PBXBuildFile; productRef = 1D1458DD2B39B45E006D7856 /* FirebaseAnalyticsOnDeviceConversion */; };
		1D1458E02B39B45E006D7856 /* FirebaseAnalyticsSwift in Frameworks */ = {isa = PBXBuildFile; productRef = 1D1458DF2B39B45E006D7856 /* FirebaseAnalyticsSwift */; };
		1D1458E22B39B45E006D7856 /* FirebaseAnalyticsWithoutAdIdSupport in Frameworks */ = {isa = PBXBuildFile; productRef = 1D1458E12B39B45E006D7856 /* FirebaseAnalyticsWithoutAdIdSupport */; };
		1D1458E42B39B45E006D7856 /* FirebaseAppCheck in Frameworks */ = {isa = PBXBuildFile; productRef = 1D1458E32B39B45E006D7856 /* FirebaseAppCheck */; };
		1D1458E62B39B45E006D7856 /* FirebaseAppDistribution-Beta in Frameworks */ = {isa = PBXBuildFile; productRef = 1D1458E52B39B45E006D7856 /* FirebaseAppDistribution-Beta */; };
		1D1458E82B39B45E006D7856 /* FirebaseAuth in Frameworks */ = {isa = PBXBuildFile; productRef = 1D1458E72B39B45E006D7856 /* FirebaseAuth */; };
		1D1458EA2B39B45E006D7856 /* FirebaseAuthCombine-Community in Frameworks */ = {isa = PBXBuildFile; productRef = 1D1458E92B39B45E006D7856 /* FirebaseAuthCombine-Community */; };
		1D1458EC2B39B45E006D7856 /* FirebaseCrashlytics in Frameworks */ = {isa = PBXBuildFile; productRef = 1D1458EB2B39B45E006D7856 /* FirebaseCrashlytics */; };
		1D1458EE2B39B45E006D7856 /* FirebaseDatabase in Frameworks */ = {isa = PBXBuildFile; productRef = 1D1458ED2B39B45E006D7856 /* FirebaseDatabase */; };
		1D1458F02B39B45E006D7856 /* FirebaseDatabaseSwift in Frameworks */ = {isa = PBXBuildFile; productRef = 1D1458EF2B39B45E006D7856 /* FirebaseDatabaseSwift */; };
		1D1458F22B39B45E006D7856 /* FirebaseDynamicLinks in Frameworks */ = {isa = PBXBuildFile; productRef = 1D1458F12B39B45E006D7856 /* FirebaseDynamicLinks */; };
		1D1458F42B39B45E006D7856 /* FirebaseFirestore in Frameworks */ = {isa = PBXBuildFile; productRef = 1D1458F32B39B45E006D7856 /* FirebaseFirestore */; };
		1D1458F62B39B45E006D7856 /* FirebaseFirestoreCombine-Community in Frameworks */ = {isa = PBXBuildFile; productRef = 1D1458F52B39B45E006D7856 /* FirebaseFirestoreCombine-Community */; };
		1D1458F82B39B45E006D7856 /* FirebaseFirestoreSwift in Frameworks */ = {isa = PBXBuildFile; productRef = 1D1458F72B39B45E006D7856 /* FirebaseFirestoreSwift */; };
		1D1458FA2B39B45E006D7856 /* FirebaseFunctions in Frameworks */ = {isa = PBXBuildFile; productRef = 1D1458F92B39B45E006D7856 /* FirebaseFunctions */; };
		1D1458FC2B39B45E006D7856 /* FirebaseFunctionsCombine-Community in Frameworks */ = {isa = PBXBuildFile; productRef = 1D1458FB2B39B45E006D7856 /* FirebaseFunctionsCombine-Community */; };
		1D1458FE2B39B45E006D7856 /* FirebaseInAppMessaging-Beta in Frameworks */ = {isa = PBXBuildFile; productRef = 1D1458FD2B39B45E006D7856 /* FirebaseInAppMessaging-Beta */; };
		1D1459002B39B45E006D7856 /* FirebaseInAppMessagingSwift-Beta in Frameworks */ = {isa = PBXBuildFile; productRef = 1D1458FF2B39B45E006D7856 /* FirebaseInAppMessagingSwift-Beta */; };
		1D1459022B39B45E006D7856 /* FirebaseInstallations in Frameworks */ = {isa = PBXBuildFile; productRef = 1D1459012B39B45E006D7856 /* FirebaseInstallations */; };
		1D1459042B39B45E006D7856 /* FirebaseMLModelDownloader in Frameworks */ = {isa = PBXBuildFile; productRef = 1D1459032B39B45E006D7856 /* FirebaseMLModelDownloader */; };
		1D1459062B39B45E006D7856 /* FirebaseMessaging in Frameworks */ = {isa = PBXBuildFile; productRef = 1D1459052B39B45E006D7856 /* FirebaseMessaging */; };
		1D1459082B39B45E006D7856 /* FirebasePerformance in Frameworks */ = {isa = PBXBuildFile; productRef = 1D1459072B39B45E006D7856 /* FirebasePerformance */; };
		1D14590A2B39B45E006D7856 /* FirebaseRemoteConfig in Frameworks */ = {isa = PBXBuildFile; productRef = 1D1459092B39B45E006D7856 /* FirebaseRemoteConfig */; };
		1D14590C2B39B45E006D7856 /* FirebaseRemoteConfigSwift in Frameworks */ = {isa = PBXBuildFile; productRef = 1D14590B2B39B45E006D7856 /* FirebaseRemoteConfigSwift */; };
		1D14590E2B39B45E006D7856 /* FirebaseStorage in Frameworks */ = {isa = PBXBuildFile; productRef = 1D14590D2B39B45E006D7856 /* FirebaseStorage */; };
		1D1459102B39B45E006D7856 /* FirebaseStorageCombine-Community in Frameworks */ = {isa = PBXBuildFile; productRef = 1D14590F2B39B45E006D7856 /* FirebaseStorageCombine-Community */; };
		1D1459132B39C3BA006D7856 /* SignUpView.swift in Sources */ = {isa = PBXBuildFile; fileRef = 1D1459122B39C3BA006D7856 /* SignUpView.swift */; };
		1D1459162B39C642006D7856 /* String+Extensions.swift in Sources */ = {isa = PBXBuildFile; fileRef = 1D1459152B39C642006D7856 /* String+Extensions.swift */; };
		1D17AFF82B3FFC1E001052D4 /* Model.swift in Sources */ = {isa = PBXBuildFile; fileRef = 1D17AFF72B3FFC1E001052D4 /* Model.swift */; };
		1D17AFFA2B3FFDA7001052D4 /* LoginView.swift in Sources */ = {isa = PBXBuildFile; fileRef = 1D17AFF92B3FFDA7001052D4 /* LoginView.swift */; };
		1D17AFFC2B400AEA001052D4 /* MainView.swift in Sources */ = {isa = PBXBuildFile; fileRef = 1D17AFFB2B400AEA001052D4 /* MainView.swift */; };
		1D17AFFE2B401055001052D4 /* AppState.swift in Sources */ = {isa = PBXBuildFile; fileRef = 1D17AFFD2B401055001052D4 /* AppState.swift */; };
		1D17B0002B408ED1001052D4 /* GroupListContainerView.swift in Sources */ = {isa = PBXBuildFile; fileRef = 1D17AFFF2B408ED1001052D4 /* GroupListContainerView.swift */; };
		1D17B0022B4091B4001052D4 /* AddNewGroupView.swift in Sources */ = {isa = PBXBuildFile; fileRef = 1D17B0012B4091B4001052D4 /* AddNewGroupView.swift */; };
		1D6FBF552B4B1BFA00C5A3BD /* Group.swift in Sources */ = {isa = PBXBuildFile; fileRef = 1D6FBF542B4B1BFA00C5A3BD /* Group.swift */; };
		1D6FBF582B4C6C0D00C5A3BD /* GroupListView.swift in Sources */ = {isa = PBXBuildFile; fileRef = 1D6FBF572B4C6C0D00C5A3BD /* GroupListView.swift */; };
		1D6FBF5A2B53D7FB00C5A3BD /* GroupDetailView.swift in Sources */ = {isa = PBXBuildFile; fileRef = 1D6FBF592B53D7FB00C5A3BD /* GroupDetailView.swift */; };
		1D6FBF5C2B53E8A700C5A3BD /* ChatMessage.swift in Sources */ = {isa = PBXBuildFile; fileRef = 1D6FBF5B2B53E8A700C5A3BD /* ChatMessage.swift */; };
		1D6FBF5E2B5440C600C5A3BD /* ChatMessageListView.swift in Sources */ = {isa = PBXBuildFile; fileRef = 1D6FBF5D2B5440C600C5A3BD /* ChatMessageListView.swift */; };
		1D6FBF602B544EAD00C5A3BD /* Thread.swift in Sources */ = {isa = PBXBuildFile; fileRef = 1D6FBF5F2B544EAD00C5A3BD /* Thread.swift */; };
		1D6FBF622B54525E00C5A3BD /* ChatMessageView.swift in Sources */ = {isa = PBXBuildFile; fileRef = 1D6FBF612B54525E00C5A3BD /* ChatMessageView.swift */; };
		1D6FBF642B54648800C5A3BD /* SettingsView.swift in Sources */ = {isa = PBXBuildFile; fileRef = 1D6FBF632B54648800C5A3BD /* SettingsView.swift */; };
		1D6FBF662B5464D200C5A3BD /* Image+Extension.swift in Sources */ = {isa = PBXBuildFile; fileRef = 1D6FBF652B5464D200C5A3BD /* Image+Extension.swift */; };
		1DB71A162B5D91AB0039266F /* ImagePicker.swift in Sources */ = {isa = PBXBuildFile; fileRef = 1DB71A152B5D91AB0039266F /* ImagePicker.swift */; };
		1DB71A182B60309A0039266F /* UIImagePickerController+Extensions.swift in Sources */ = {isa = PBXBuildFile; fileRef = 1DB71A172B60309A0039266F /* UIImagePickerController+Extensions.swift */; };
/* End PBXBuildFile section */

/* Begin PBXFileReference section */
		1D1458C72B39A684006D7856 /* MyWhatsApp.app */ = {isa = PBXFileReference; explicitFileType = wrapper.application; includeInIndex = 0; path = MyWhatsApp.app; sourceTree = BUILT_PRODUCTS_DIR; };
		1D1458CA2B39A684006D7856 /* MyWhatsAppApp.swift */ = {isa = PBXFileReference; lastKnownFileType = sourcecode.swift; path = MyWhatsAppApp.swift; sourceTree = "<group>"; };
		1D1458CC2B39A684006D7856 /* ContentView.swift */ = {isa = PBXFileReference; lastKnownFileType = sourcecode.swift; path = ContentView.swift; sourceTree = "<group>"; };
		1D1458CE2B39A685006D7856 /* Assets.xcassets */ = {isa = PBXFileReference; lastKnownFileType = folder.assetcatalog; path = Assets.xcassets; sourceTree = "<group>"; };
		1D1458D12B39A685006D7856 /* Preview Assets.xcassets */ = {isa = PBXFileReference; lastKnownFileType = folder.assetcatalog; path = "Preview Assets.xcassets"; sourceTree = "<group>"; };
		1D1458D82B39A8F5006D7856 /* GoogleService-Info.plist */ = {isa = PBXFileReference; fileEncoding = 4; lastKnownFileType = text.plist.xml; path = "GoogleService-Info.plist"; sourceTree = "<group>"; };
		1D1459122B39C3BA006D7856 /* SignUpView.swift */ = {isa = PBXFileReference; lastKnownFileType = sourcecode.swift; path = SignUpView.swift; sourceTree = "<group>"; };
		1D1459152B39C642006D7856 /* String+Extensions.swift */ = {isa = PBXFileReference; lastKnownFileType = sourcecode.swift; path = "String+Extensions.swift"; sourceTree = "<group>"; };
		1D17AFF72B3FFC1E001052D4 /* Model.swift */ = {isa = PBXFileReference; lastKnownFileType = sourcecode.swift; path = Model.swift; sourceTree = "<group>"; };
		1D17AFF92B3FFDA7001052D4 /* LoginView.swift */ = {isa = PBXFileReference; lastKnownFileType = sourcecode.swift; path = LoginView.swift; sourceTree = "<group>"; };
		1D17AFFB2B400AEA001052D4 /* MainView.swift */ = {isa = PBXFileReference; lastKnownFileType = sourcecode.swift; path = MainView.swift; sourceTree = "<group>"; };
		1D17AFFD2B401055001052D4 /* AppState.swift */ = {isa = PBXFileReference; lastKnownFileType = sourcecode.swift; path = AppState.swift; sourceTree = "<group>"; };
		1D17AFFF2B408ED1001052D4 /* GroupListContainerView.swift */ = {isa = PBXFileReference; lastKnownFileType = sourcecode.swift; path = GroupListContainerView.swift; sourceTree = "<group>"; };
		1D17B0012B4091B4001052D4 /* AddNewGroupView.swift */ = {isa = PBXFileReference; lastKnownFileType = sourcecode.swift; path = AddNewGroupView.swift; sourceTree = "<group>"; };
		1D6FBF542B4B1BFA00C5A3BD /* Group.swift */ = {isa = PBXFileReference; lastKnownFileType = sourcecode.swift; path = Group.swift; sourceTree = "<group>"; };
		1D6FBF572B4C6C0D00C5A3BD /* GroupListView.swift */ = {isa = PBXFileReference; lastKnownFileType = sourcecode.swift; path = GroupListView.swift; sourceTree = "<group>"; };
		1D6FBF592B53D7FB00C5A3BD /* GroupDetailView.swift */ = {isa = PBXFileReference; lastKnownFileType = sourcecode.swift; path = GroupDetailView.swift; sourceTree = "<group>"; };
		1D6FBF5B2B53E8A700C5A3BD /* ChatMessage.swift */ = {isa = PBXFileReference; lastKnownFileType = sourcecode.swift; path = ChatMessage.swift; sourceTree = "<group>"; };
		1D6FBF5D2B5440C600C5A3BD /* ChatMessageListView.swift */ = {isa = PBXFileReference; lastKnownFileType = sourcecode.swift; path = ChatMessageListView.swift; sourceTree = "<group>"; };
		1D6FBF5F2B544EAD00C5A3BD /* Thread.swift */ = {isa = PBXFileReference; lastKnownFileType = sourcecode.swift; path = Thread.swift; sourceTree = "<group>"; };
		1D6FBF612B54525E00C5A3BD /* ChatMessageView.swift */ = {isa = PBXFileReference; lastKnownFileType = sourcecode.swift; path = ChatMessageView.swift; sourceTree = "<group>"; };
		1D6FBF632B54648800C5A3BD /* SettingsView.swift */ = {isa = PBXFileReference; lastKnownFileType = sourcecode.swift; path = SettingsView.swift; sourceTree = "<group>"; };
		1D6FBF652B5464D200C5A3BD /* Image+Extension.swift */ = {isa = PBXFileReference; lastKnownFileType = sourcecode.swift; path = "Image+Extension.swift"; sourceTree = "<group>"; };
		1DB71A152B5D91AB0039266F /* ImagePicker.swift */ = {isa = PBXFileReference; lastKnownFileType = sourcecode.swift; path = ImagePicker.swift; sourceTree = "<group>"; };
		1DB71A172B60309A0039266F /* UIImagePickerController+Extensions.swift */ = {isa = PBXFileReference; lastKnownFileType = sourcecode.swift; path = "UIImagePickerController+Extensions.swift"; sourceTree = "<group>"; };
/* End PBXFileReference section */

/* Begin PBXFrameworksBuildPhase section */
		1D1458C42B39A684006D7856 /* Frameworks */ = {
			isa = PBXFrameworksBuildPhase;
			buildActionMask = 2147483647;
			files = (
				1D1458EE2B39B45E006D7856 /* FirebaseDatabase in Frameworks */,
				1D1458FC2B39B45E006D7856 /* FirebaseFunctionsCombine-Community in Frameworks */,
				1D1458F42B39B45E006D7856 /* FirebaseFirestore in Frameworks */,
				1D1458E02B39B45E006D7856 /* FirebaseAnalyticsSwift in Frameworks */,
				1D1458DC2B39B45E006D7856 /* FirebaseAnalytics in Frameworks */,
				1D1458DE2B39B45E006D7856 /* FirebaseAnalyticsOnDeviceConversion in Frameworks */,
				1D1459042B39B45E006D7856 /* FirebaseMLModelDownloader in Frameworks */,
				1D1458F82B39B45E006D7856 /* FirebaseFirestoreSwift in Frameworks */,
				1D1458E42B39B45E006D7856 /* FirebaseAppCheck in Frameworks */,
				1D1458E22B39B45E006D7856 /* FirebaseAnalyticsWithoutAdIdSupport in Frameworks */,
				1D1458E82B39B45E006D7856 /* FirebaseAuth in Frameworks */,
				1D1458EC2B39B45E006D7856 /* FirebaseCrashlytics in Frameworks */,
				1D14590C2B39B45E006D7856 /* FirebaseRemoteConfigSwift in Frameworks */,
				1D1458FE2B39B45E006D7856 /* FirebaseInAppMessaging-Beta in Frameworks */,
				1D1458F02B39B45E006D7856 /* FirebaseDatabaseSwift in Frameworks */,
				1D1458FA2B39B45E006D7856 /* FirebaseFunctions in Frameworks */,
				1D1459102B39B45E006D7856 /* FirebaseStorageCombine-Community in Frameworks */,
				1D14590A2B39B45E006D7856 /* FirebaseRemoteConfig in Frameworks */,
				1D1458E62B39B45E006D7856 /* FirebaseAppDistribution-Beta in Frameworks */,
				1D1458EA2B39B45E006D7856 /* FirebaseAuthCombine-Community in Frameworks */,
				1D1459082B39B45E006D7856 /* FirebasePerformance in Frameworks */,
				1D1459002B39B45E006D7856 /* FirebaseInAppMessagingSwift-Beta in Frameworks */,
				1D14590E2B39B45E006D7856 /* FirebaseStorage in Frameworks */,
				1D1458F22B39B45E006D7856 /* FirebaseDynamicLinks in Frameworks */,
				1D1458F62B39B45E006D7856 /* FirebaseFirestoreCombine-Community in Frameworks */,
				1D1459062B39B45E006D7856 /* FirebaseMessaging in Frameworks */,
				1D1459022B39B45E006D7856 /* FirebaseInstallations in Frameworks */,
			);
			runOnlyForDeploymentPostprocessing = 0;
		};
/* End PBXFrameworksBuildPhase section */

/* Begin PBXGroup section */
		1D1458BE2B39A684006D7856 = {
			isa = PBXGroup;
			children = (
				1D1458C92B39A684006D7856 /* MyWhatsApp */,
				1D1458C82B39A684006D7856 /* Products */,
			);
			sourceTree = "<group>";
		};
		1D1458C82B39A684006D7856 /* Products */ = {
			isa = PBXGroup;
			children = (
				1D1458C72B39A684006D7856 /* MyWhatsApp.app */,
			);
			name = Products;
			sourceTree = "<group>";
		};
		1D1458C92B39A684006D7856 /* MyWhatsApp */ = {
			isa = PBXGroup;
			children = (
				1D1458CA2B39A684006D7856 /* MyWhatsAppApp.swift */,
				1D17AFF62B3FFBF7001052D4 /* Model */,
				1D1459142B39C5D7006D7856 /* Extensions */,
				1D1459112B39C355006D7856 /* View */,
				1D1458CC2B39A684006D7856 /* ContentView.swift */,
				1D1458CE2B39A685006D7856 /* Assets.xcassets */,
				1D1458D82B39A8F5006D7856 /* GoogleService-Info.plist */,
				1D1458D02B39A685006D7856 /* Preview Content */,
			);
			path = MyWhatsApp;
			sourceTree = "<group>";
		};
		1D1458D02B39A685006D7856 /* Preview Content */ = {
			isa = PBXGroup;
			children = (
				1D1458D12B39A685006D7856 /* Preview Assets.xcassets */,
			);
			path = "Preview Content";
			sourceTree = "<group>";
		};
		1D1459112B39C355006D7856 /* View */ = {
			isa = PBXGroup;
			children = (
				1D1459122B39C3BA006D7856 /* SignUpView.swift */,
				1D17AFF92B3FFDA7001052D4 /* LoginView.swift */,
				1D17AFFB2B400AEA001052D4 /* MainView.swift */,
				1D17AFFF2B408ED1001052D4 /* GroupListContainerView.swift */,
				1D17B0012B4091B4001052D4 /* AddNewGroupView.swift */,
				1D6FBF572B4C6C0D00C5A3BD /* GroupListView.swift */,
				1D6FBF592B53D7FB00C5A3BD /* GroupDetailView.swift */,
				1D6FBF5D2B5440C600C5A3BD /* ChatMessageListView.swift */,
				1D6FBF612B54525E00C5A3BD /* ChatMessageView.swift */,
				1D6FBF632B54648800C5A3BD /* SettingsView.swift */,
			);
			path = View;
			sourceTree = "<group>";
		};
		1D1459142B39C5D7006D7856 /* Extensions */ = {
			isa = PBXGroup;
			children = (
				1D1459152B39C642006D7856 /* String+Extensions.swift */,
				1D6FBF652B5464D200C5A3BD /* Image+Extension.swift */,
				1DB71A172B60309A0039266F /* UIImagePickerController+Extensions.swift */,
			);
			path = Extensions;
			sourceTree = "<group>";
		};
		1D17AFF62B3FFBF7001052D4 /* Model */ = {
			isa = PBXGroup;
			children = (
				1D17AFF72B3FFC1E001052D4 /* Model.swift */,
				1D17AFFD2B401055001052D4 /* AppState.swift */,
				1D6FBF542B4B1BFA00C5A3BD /* Group.swift */,
				1D6FBF5B2B53E8A700C5A3BD /* ChatMessage.swift */,
				1D6FBF5F2B544EAD00C5A3BD /* Thread.swift */,
				1DB71A152B5D91AB0039266F /* ImagePicker.swift */,
			);
			path = Model;
			sourceTree = "<group>";
		};
/* End PBXGroup section */

/* Begin PBXNativeTarget section */
		1D1458C62B39A684006D7856 /* MyWhatsApp */ = {
			isa = PBXNativeTarget;
			buildConfigurationList = 1D1458D52B39A685006D7856 /* Build configuration list for PBXNativeTarget "MyWhatsApp" */;
			buildPhases = (
				1D1458C32B39A684006D7856 /* Sources */,
				1D1458C42B39A684006D7856 /* Frameworks */,
				1D1458C52B39A684006D7856 /* Resources */,
			);
			buildRules = (
			);
			dependencies = (
			);
			name = MyWhatsApp;
			packageProductDependencies = (
				1D1458DB2B39B45E006D7856 /* FirebaseAnalytics */,
				1D1458DD2B39B45E006D7856 /* FirebaseAnalyticsOnDeviceConversion */,
				1D1458DF2B39B45E006D7856 /* FirebaseAnalyticsSwift */,
				1D1458E12B39B45E006D7856 /* FirebaseAnalyticsWithoutAdIdSupport */,
				1D1458E32B39B45E006D7856 /* FirebaseAppCheck */,
				1D1458E52B39B45E006D7856 /* FirebaseAppDistribution-Beta */,
				1D1458E72B39B45E006D7856 /* FirebaseAuth */,
				1D1458E92B39B45E006D7856 /* FirebaseAuthCombine-Community */,
				1D1458EB2B39B45E006D7856 /* FirebaseCrashlytics */,
				1D1458ED2B39B45E006D7856 /* FirebaseDatabase */,
				1D1458EF2B39B45E006D7856 /* FirebaseDatabaseSwift */,
				1D1458F12B39B45E006D7856 /* FirebaseDynamicLinks */,
				1D1458F32B39B45E006D7856 /* FirebaseFirestore */,
				1D1458F52B39B45E006D7856 /* FirebaseFirestoreCombine-Community */,
				1D1458F72B39B45E006D7856 /* FirebaseFirestoreSwift */,
				1D1458F92B39B45E006D7856 /* FirebaseFunctions */,
				1D1458FB2B39B45E006D7856 /* FirebaseFunctionsCombine-Community */,
				1D1458FD2B39B45E006D7856 /* FirebaseInAppMessaging-Beta */,
				1D1458FF2B39B45E006D7856 /* FirebaseInAppMessagingSwift-Beta */,
				1D1459012B39B45E006D7856 /* FirebaseInstallations */,
				1D1459032B39B45E006D7856 /* FirebaseMLModelDownloader */,
				1D1459052B39B45E006D7856 /* FirebaseMessaging */,
				1D1459072B39B45E006D7856 /* FirebasePerformance */,
				1D1459092B39B45E006D7856 /* FirebaseRemoteConfig */,
				1D14590B2B39B45E006D7856 /* FirebaseRemoteConfigSwift */,
				1D14590D2B39B45E006D7856 /* FirebaseStorage */,
				1D14590F2B39B45E006D7856 /* FirebaseStorageCombine-Community */,
			);
			productName = MyWhatsApp;
			productReference = 1D1458C72B39A684006D7856 /* MyWhatsApp.app */;
			productType = "com.apple.product-type.application";
		};
/* End PBXNativeTarget section */

/* Begin PBXProject section */
		1D1458BF2B39A684006D7856 /* Project object */ = {
			isa = PBXProject;
			attributes = {
				BuildIndependentTargetsInParallel = 1;
				LastSwiftUpdateCheck = 1510;
				LastUpgradeCheck = 1510;
				TargetAttributes = {
					1D1458C62B39A684006D7856 = {
						CreatedOnToolsVersion = 15.1;
					};
				};
			};
			buildConfigurationList = 1D1458C22B39A684006D7856 /* Build configuration list for PBXProject "MyWhatsApp" */;
			compatibilityVersion = "Xcode 14.0";
			developmentRegion = en;
			hasScannedForEncodings = 0;
			knownRegions = (
				en,
				Base,
			);
			mainGroup = 1D1458BE2B39A684006D7856;
			packageReferences = (
				1D1458DA2B39B45E006D7856 /* XCRemoteSwiftPackageReference "firebase-ios-sdk" */,
			);
			productRefGroup = 1D1458C82B39A684006D7856 /* Products */;
			projectDirPath = "";
			projectRoot = "";
			targets = (
				1D1458C62B39A684006D7856 /* MyWhatsApp */,
			);
		};
/* End PBXProject section */

/* Begin PBXResourcesBuildPhase section */
		1D1458C52B39A684006D7856 /* Resources */ = {
			isa = PBXResourcesBuildPhase;
			buildActionMask = 2147483647;
			files = (
				1D1458D22B39A685006D7856 /* Preview Assets.xcassets in Resources */,
				1D1458CF2B39A685006D7856 /* Assets.xcassets in Resources */,
				1D1458D92B39A8F5006D7856 /* GoogleService-Info.plist in Resources */,
			);
			runOnlyForDeploymentPostprocessing = 0;
		};
/* End PBXResourcesBuildPhase section */

/* Begin PBXSourcesBuildPhase section */
		1D1458C32B39A684006D7856 /* Sources */ = {
			isa = PBXSourcesBuildPhase;
			buildActionMask = 2147483647;
			files = (
				1D6FBF662B5464D200C5A3BD /* Image+Extension.swift in Sources */,
				1D6FBF552B4B1BFA00C5A3BD /* Group.swift in Sources */,
				1D6FBF5E2B5440C600C5A3BD /* ChatMessageListView.swift in Sources */,
				1D17AFFA2B3FFDA7001052D4 /* LoginView.swift in Sources */,
				1D6FBF642B54648800C5A3BD /* SettingsView.swift in Sources */,
				1D17B0022B4091B4001052D4 /* AddNewGroupView.swift in Sources */,
				1D17AFFC2B400AEA001052D4 /* MainView.swift in Sources */,
				1D1459162B39C642006D7856 /* String+Extensions.swift in Sources */,
				1D17AFFE2B401055001052D4 /* AppState.swift in Sources */,
				1D1458CD2B39A684006D7856 /* ContentView.swift in Sources */,
				1DB71A182B60309A0039266F /* UIImagePickerController+Extensions.swift in Sources */,
				1D6FBF5C2B53E8A700C5A3BD /* ChatMessage.swift in Sources */,
				1D1459132B39C3BA006D7856 /* SignUpView.swift in Sources */,
				1D17B0002B408ED1001052D4 /* GroupListContainerView.swift in Sources */,
				1D17AFF82B3FFC1E001052D4 /* Model.swift in Sources */,
				1D6FBF582B4C6C0D00C5A3BD /* GroupListView.swift in Sources */,
				1D6FBF622B54525E00C5A3BD /* ChatMessageView.swift in Sources */,
				1D6FBF5A2B53D7FB00C5A3BD /* GroupDetailView.swift in Sources */,
				1DB71A162B5D91AB0039266F /* ImagePicker.swift in Sources */,
				1D1458CB2B39A684006D7856 /* MyWhatsAppApp.swift in Sources */,
				1D6FBF602B544EAD00C5A3BD /* Thread.swift in Sources */,
			);
			runOnlyForDeploymentPostprocessing = 0;
		};
/* End PBXSourcesBuildPhase section */

/* Begin XCBuildConfiguration section */
		1D1458D32B39A685006D7856 /* Debug */ = {
			isa = XCBuildConfiguration;
			buildSettings = {
				ALWAYS_SEARCH_USER_PATHS = NO;
				ASSETCATALOG_COMPILER_GENERATE_SWIFT_ASSET_SYMBOL_EXTENSIONS = YES;
				CLANG_ANALYZER_NONNULL = YES;
				CLANG_ANALYZER_NUMBER_OBJECT_CONVERSION = YES_AGGRESSIVE;
				CLANG_CXX_LANGUAGE_STANDARD = "gnu++20";
				CLANG_ENABLE_MODULES = YES;
				CLANG_ENABLE_OBJC_ARC = YES;
				CLANG_ENABLE_OBJC_WEAK = YES;
				CLANG_WARN_BLOCK_CAPTURE_AUTORELEASING = YES;
				CLANG_WARN_BOOL_CONVERSION = YES;
				CLANG_WARN_COMMA = YES;
				CLANG_WARN_CONSTANT_CONVERSION = YES;
				CLANG_WARN_DEPRECATED_OBJC_IMPLEMENTATIONS = YES;
				CLANG_WARN_DIRECT_OBJC_ISA_USAGE = YES_ERROR;
				CLANG_WARN_DOCUMENTATION_COMMENTS = YES;
				CLANG_WARN_EMPTY_BODY = YES;
				CLANG_WARN_ENUM_CONVERSION = YES;
				CLANG_WARN_INFINITE_RECURSION = YES;
				CLANG_WARN_INT_CONVERSION = YES;
				CLANG_WARN_NON_LITERAL_NULL_CONVERSION = YES;
				CLANG_WARN_OBJC_IMPLICIT_RETAIN_SELF = YES;
				CLANG_WARN_OBJC_LITERAL_CONVERSION = YES;
				CLANG_WARN_OBJC_ROOT_CLASS = YES_ERROR;
				CLANG_WARN_QUOTED_INCLUDE_IN_FRAMEWORK_HEADER = YES;
				CLANG_WARN_RANGE_LOOP_ANALYSIS = YES;
				CLANG_WARN_STRICT_PROTOTYPES = YES;
				CLANG_WARN_SUSPICIOUS_MOVE = YES;
				CLANG_WARN_UNGUARDED_AVAILABILITY = YES_AGGRESSIVE;
				CLANG_WARN_UNREACHABLE_CODE = YES;
				CLANG_WARN__DUPLICATE_METHOD_MATCH = YES;
				COPY_PHASE_STRIP = NO;
				DEBUG_INFORMATION_FORMAT = dwarf;
				ENABLE_STRICT_OBJC_MSGSEND = YES;
				ENABLE_TESTABILITY = YES;
				ENABLE_USER_SCRIPT_SANDBOXING = YES;
				GCC_C_LANGUAGE_STANDARD = gnu17;
				GCC_DYNAMIC_NO_PIC = NO;
				GCC_NO_COMMON_BLOCKS = YES;
				GCC_OPTIMIZATION_LEVEL = 0;
				GCC_PREPROCESSOR_DEFINITIONS = (
					"DEBUG=1",
					"$(inherited)",
				);
				GCC_WARN_64_TO_32_BIT_CONVERSION = YES;
				GCC_WARN_ABOUT_RETURN_TYPE = YES_ERROR;
				GCC_WARN_UNDECLARED_SELECTOR = YES;
				GCC_WARN_UNINITIALIZED_AUTOS = YES_AGGRESSIVE;
				GCC_WARN_UNUSED_FUNCTION = YES;
				GCC_WARN_UNUSED_VARIABLE = YES;
				IPHONEOS_DEPLOYMENT_TARGET = 17.2;
				LOCALIZATION_PREFERS_STRING_CATALOGS = YES;
				MTL_ENABLE_DEBUG_INFO = INCLUDE_SOURCE;
				MTL_FAST_MATH = YES;
				ONLY_ACTIVE_ARCH = YES;
				SDKROOT = iphoneos;
				SWIFT_ACTIVE_COMPILATION_CONDITIONS = "DEBUG $(inherited)";
				SWIFT_OPTIMIZATION_LEVEL = "-Onone";
			};
			name = Debug;
		};
		1D1458D42B39A685006D7856 /* Release */ = {
			isa = XCBuildConfiguration;
			buildSettings = {
				ALWAYS_SEARCH_USER_PATHS = NO;
				ASSETCATALOG_COMPILER_GENERATE_SWIFT_ASSET_SYMBOL_EXTENSIONS = YES;
				CLANG_ANALYZER_NONNULL = YES;
				CLANG_ANALYZER_NUMBER_OBJECT_CONVERSION = YES_AGGRESSIVE;
				CLANG_CXX_LANGUAGE_STANDARD = "gnu++20";
				CLANG_ENABLE_MODULES = YES;
				CLANG_ENABLE_OBJC_ARC = YES;
				CLANG_ENABLE_OBJC_WEAK = YES;
				CLANG_WARN_BLOCK_CAPTURE_AUTORELEASING = YES;
				CLANG_WARN_BOOL_CONVERSION = YES;
				CLANG_WARN_COMMA = YES;
				CLANG_WARN_CONSTANT_CONVERSION = YES;
				CLANG_WARN_DEPRECATED_OBJC_IMPLEMENTATIONS = YES;
				CLANG_WARN_DIRECT_OBJC_ISA_USAGE = YES_ERROR;
				CLANG_WARN_DOCUMENTATION_COMMENTS = YES;
				CLANG_WARN_EMPTY_BODY = YES;
				CLANG_WARN_ENUM_CONVERSION = YES;
				CLANG_WARN_INFINITE_RECURSION = YES;
				CLANG_WARN_INT_CONVERSION = YES;
				CLANG_WARN_NON_LITERAL_NULL_CONVERSION = YES;
				CLANG_WARN_OBJC_IMPLICIT_RETAIN_SELF = YES;
				CLANG_WARN_OBJC_LITERAL_CONVERSION = YES;
				CLANG_WARN_OBJC_ROOT_CLASS = YES_ERROR;
				CLANG_WARN_QUOTED_INCLUDE_IN_FRAMEWORK_HEADER = YES;
				CLANG_WARN_RANGE_LOOP_ANALYSIS = YES;
				CLANG_WARN_STRICT_PROTOTYPES = YES;
				CLANG_WARN_SUSPICIOUS_MOVE = YES;
				CLANG_WARN_UNGUARDED_AVAILABILITY = YES_AGGRESSIVE;
				CLANG_WARN_UNREACHABLE_CODE = YES;
				CLANG_WARN__DUPLICATE_METHOD_MATCH = YES;
				COPY_PHASE_STRIP = NO;
				DEBUG_INFORMATION_FORMAT = "dwarf-with-dsym";
				ENABLE_NS_ASSERTIONS = NO;
				ENABLE_STRICT_OBJC_MSGSEND = YES;
				ENABLE_USER_SCRIPT_SANDBOXING = YES;
				GCC_C_LANGUAGE_STANDARD = gnu17;
				GCC_NO_COMMON_BLOCKS = YES;
				GCC_WARN_64_TO_32_BIT_CONVERSION = YES;
				GCC_WARN_ABOUT_RETURN_TYPE = YES_ERROR;
				GCC_WARN_UNDECLARED_SELECTOR = YES;
				GCC_WARN_UNINITIALIZED_AUTOS = YES_AGGRESSIVE;
				GCC_WARN_UNUSED_FUNCTION = YES;
				GCC_WARN_UNUSED_VARIABLE = YES;
				IPHONEOS_DEPLOYMENT_TARGET = 17.2;
				LOCALIZATION_PREFERS_STRING_CATALOGS = YES;
				MTL_ENABLE_DEBUG_INFO = NO;
				MTL_FAST_MATH = YES;
				SDKROOT = iphoneos;
				SWIFT_COMPILATION_MODE = wholemodule;
				VALIDATE_PRODUCT = YES;
			};
			name = Release;
		};
		1D1458D62B39A685006D7856 /* Debug */ = {
			isa = XCBuildConfiguration;
			buildSettings = {
				ASSETCATALOG_COMPILER_APPICON_NAME = AppIcon;
				ASSETCATALOG_COMPILER_GLOBAL_ACCENT_COLOR_NAME = AccentColor;
				CODE_SIGN_STYLE = Automatic;
				CURRENT_PROJECT_VERSION = 1;
				DEVELOPMENT_ASSET_PATHS = "\"MyWhatsApp/Preview Content\"";
				DEVELOPMENT_TEAM = 5A8L9BU4M2;
				ENABLE_PREVIEWS = YES;
				GENERATE_INFOPLIST_FILE = YES;
				INFOPLIST_KEY_UIApplicationSceneManifest_Generation = YES;
				INFOPLIST_KEY_UIApplicationSupportsIndirectInputEvents = YES;
				INFOPLIST_KEY_UILaunchScreen_Generation = YES;
				INFOPLIST_KEY_UISupportedInterfaceOrientations_iPad = "UIInterfaceOrientationPortrait UIInterfaceOrientationPortraitUpsideDown UIInterfaceOrientationLandscapeLeft UIInterfaceOrientationLandscapeRight";
				INFOPLIST_KEY_UISupportedInterfaceOrientations_iPhone = "UIInterfaceOrientationPortrait UIInterfaceOrientationLandscapeLeft UIInterfaceOrientationLandscapeRight";
				LD_RUNPATH_SEARCH_PATHS = (
					"$(inherited)",
					"@executable_path/Frameworks",
				);
				MARKETING_VERSION = 1.0;
				PRODUCT_BUNDLE_IDENTIFIER = com.luminous.ios.MyWhatsApp;
				PRODUCT_NAME = "$(TARGET_NAME)";
				SWIFT_EMIT_LOC_STRINGS = YES;
				SWIFT_VERSION = 5.0;
				TARGETED_DEVICE_FAMILY = "1,2";
			};
			name = Debug;
		};
		1D1458D72B39A685006D7856 /* Release */ = {
			isa = XCBuildConfiguration;
			buildSettings = {
				ASSETCATALOG_COMPILER_APPICON_NAME = AppIcon;
				ASSETCATALOG_COMPILER_GLOBAL_ACCENT_COLOR_NAME = AccentColor;
				CODE_SIGN_STYLE = Automatic;
				CURRENT_PROJECT_VERSION = 1;
				DEVELOPMENT_ASSET_PATHS = "\"MyWhatsApp/Preview Content\"";
				DEVELOPMENT_TEAM = 5A8L9BU4M2;
				ENABLE_PREVIEWS = YES;
				GENERATE_INFOPLIST_FILE = YES;
				INFOPLIST_KEY_UIApplicationSceneManifest_Generation = YES;
				INFOPLIST_KEY_UIApplicationSupportsIndirectInputEvents = YES;
				INFOPLIST_KEY_UILaunchScreen_Generation = YES;
				INFOPLIST_KEY_UISupportedInterfaceOrientations_iPad = "UIInterfaceOrientationPortrait UIInterfaceOrientationPortraitUpsideDown UIInterfaceOrientationLandscapeLeft UIInterfaceOrientationLandscapeRight";
				INFOPLIST_KEY_UISupportedInterfaceOrientations_iPhone = "UIInterfaceOrientationPortrait UIInterfaceOrientationLandscapeLeft UIInterfaceOrientationLandscapeRight";
				LD_RUNPATH_SEARCH_PATHS = (
					"$(inherited)",
					"@executable_path/Frameworks",
				);
				MARKETING_VERSION = 1.0;
				PRODUCT_BUNDLE_IDENTIFIER = com.luminous.ios.MyWhatsApp;
				PRODUCT_NAME = "$(TARGET_NAME)";
				SWIFT_EMIT_LOC_STRINGS = YES;
				SWIFT_VERSION = 5.0;
				TARGETED_DEVICE_FAMILY = "1,2";
			};
			name = Release;
		};
/* End XCBuildConfiguration section */

/* Begin XCConfigurationList section */
		1D1458C22B39A684006D7856 /* Build configuration list for PBXProject "MyWhatsApp" */ = {
			isa = XCConfigurationList;
			buildConfigurations = (
				1D1458D32B39A685006D7856 /* Debug */,
				1D1458D42B39A685006D7856 /* Release */,
			);
			defaultConfigurationIsVisible = 0;
			defaultConfigurationName = Release;
		};
		1D1458D52B39A685006D7856 /* Build configuration list for PBXNativeTarget "MyWhatsApp" */ = {
			isa = XCConfigurationList;
			buildConfigurations = (
				1D1458D62B39A685006D7856 /* Debug */,
				1D1458D72B39A685006D7856 /* Release */,
			);
			defaultConfigurationIsVisible = 0;
			defaultConfigurationName = Release;
		};
/* End XCConfigurationList section */

/* Begin XCRemoteSwiftPackageReference section */
		1D1458DA2B39B45E006D7856 /* XCRemoteSwiftPackageReference "firebase-ios-sdk" */ = {
			isa = XCRemoteSwiftPackageReference;
			repositoryURL = "https://github.com/firebase/firebase-ios-sdk";
			requirement = {
				kind = upToNextMajorVersion;
				minimumVersion = 10.19.1;
			};
		};
/* End XCRemoteSwiftPackageReference section */

/* Begin XCSwiftPackageProductDependency section */
		1D1458DB2B39B45E006D7856 /* FirebaseAnalytics */ = {
			isa = XCSwiftPackageProductDependency;
			package = 1D1458DA2B39B45E006D7856 /* XCRemoteSwiftPackageReference "firebase-ios-sdk" */;
			productName = FirebaseAnalytics;
		};
		1D1458DD2B39B45E006D7856 /* FirebaseAnalyticsOnDeviceConversion */ = {
			isa = XCSwiftPackageProductDependency;
			package = 1D1458DA2B39B45E006D7856 /* XCRemoteSwiftPackageReference "firebase-ios-sdk" */;
			productName = FirebaseAnalyticsOnDeviceConversion;
		};
		1D1458DF2B39B45E006D7856 /* FirebaseAnalyticsSwift */ = {
			isa = XCSwiftPackageProductDependency;
			package = 1D1458DA2B39B45E006D7856 /* XCRemoteSwiftPackageReference "firebase-ios-sdk" */;
			productName = FirebaseAnalyticsSwift;
		};
		1D1458E12B39B45E006D7856 /* FirebaseAnalyticsWithoutAdIdSupport */ = {
			isa = XCSwiftPackageProductDependency;
			package = 1D1458DA2B39B45E006D7856 /* XCRemoteSwiftPackageReference "firebase-ios-sdk" */;
			productName = FirebaseAnalyticsWithoutAdIdSupport;
		};
		1D1458E32B39B45E006D7856 /* FirebaseAppCheck */ = {
			isa = XCSwiftPackageProductDependency;
			package = 1D1458DA2B39B45E006D7856 /* XCRemoteSwiftPackageReference "firebase-ios-sdk" */;
			productName = FirebaseAppCheck;
		};
		1D1458E52B39B45E006D7856 /* FirebaseAppDistribution-Beta */ = {
			isa = XCSwiftPackageProductDependency;
			package = 1D1458DA2B39B45E006D7856 /* XCRemoteSwiftPackageReference "firebase-ios-sdk" */;
			productName = "FirebaseAppDistribution-Beta";
		};
		1D1458E72B39B45E006D7856 /* FirebaseAuth */ = {
			isa = XCSwiftPackageProductDependency;
			package = 1D1458DA2B39B45E006D7856 /* XCRemoteSwiftPackageReference "firebase-ios-sdk" */;
			productName = FirebaseAuth;
		};
		1D1458E92B39B45E006D7856 /* FirebaseAuthCombine-Community */ = {
			isa = XCSwiftPackageProductDependency;
			package = 1D1458DA2B39B45E006D7856 /* XCRemoteSwiftPackageReference "firebase-ios-sdk" */;
			productName = "FirebaseAuthCombine-Community";
		};
		1D1458EB2B39B45E006D7856 /* FirebaseCrashlytics */ = {
			isa = XCSwiftPackageProductDependency;
			package = 1D1458DA2B39B45E006D7856 /* XCRemoteSwiftPackageReference "firebase-ios-sdk" */;
			productName = FirebaseCrashlytics;
		};
		1D1458ED2B39B45E006D7856 /* FirebaseDatabase */ = {
			isa = XCSwiftPackageProductDependency;
			package = 1D1458DA2B39B45E006D7856 /* XCRemoteSwiftPackageReference "firebase-ios-sdk" */;
			productName = FirebaseDatabase;
		};
		1D1458EF2B39B45E006D7856 /* FirebaseDatabaseSwift */ = {
			isa = XCSwiftPackageProductDependency;
			package = 1D1458DA2B39B45E006D7856 /* XCRemoteSwiftPackageReference "firebase-ios-sdk" */;
			productName = FirebaseDatabaseSwift;
		};
		1D1458F12B39B45E006D7856 /* FirebaseDynamicLinks */ = {
			isa = XCSwiftPackageProductDependency;
			package = 1D1458DA2B39B45E006D7856 /* XCRemoteSwiftPackageReference "firebase-ios-sdk" */;
			productName = FirebaseDynamicLinks;
		};
		1D1458F32B39B45E006D7856 /* FirebaseFirestore */ = {
			isa = XCSwiftPackageProductDependency;
			package = 1D1458DA2B39B45E006D7856 /* XCRemoteSwiftPackageReference "firebase-ios-sdk" */;
			productName = FirebaseFirestore;
		};
		1D1458F52B39B45E006D7856 /* FirebaseFirestoreCombine-Community */ = {
			isa = XCSwiftPackageProductDependency;
			package = 1D1458DA2B39B45E006D7856 /* XCRemoteSwiftPackageReference "firebase-ios-sdk" */;
			productName = "FirebaseFirestoreCombine-Community";
		};
		1D1458F72B39B45E006D7856 /* FirebaseFirestoreSwift */ = {
			isa = XCSwiftPackageProductDependency;
			package = 1D1458DA2B39B45E006D7856 /* XCRemoteSwiftPackageReference "firebase-ios-sdk" */;
			productName = FirebaseFirestoreSwift;
		};
		1D1458F92B39B45E006D7856 /* FirebaseFunctions */ = {
			isa = XCSwiftPackageProductDependency;
			package = 1D1458DA2B39B45E006D7856 /* XCRemoteSwiftPackageReference "firebase-ios-sdk" */;
			productName = FirebaseFunctions;
		};
		1D1458FB2B39B45E006D7856 /* FirebaseFunctionsCombine-Community */ = {
			isa = XCSwiftPackageProductDependency;
			package = 1D1458DA2B39B45E006D7856 /* XCRemoteSwiftPackageReference "firebase-ios-sdk" */;
			productName = "FirebaseFunctionsCombine-Community";
		};
		1D1458FD2B39B45E006D7856 /* FirebaseInAppMessaging-Beta */ = {
			isa = XCSwiftPackageProductDependency;
			package = 1D1458DA2B39B45E006D7856 /* XCRemoteSwiftPackageReference "firebase-ios-sdk" */;
			productName = "FirebaseInAppMessaging-Beta";
		};
		1D1458FF2B39B45E006D7856 /* FirebaseInAppMessagingSwift-Beta */ = {
			isa = XCSwiftPackageProductDependency;
			package = 1D1458DA2B39B45E006D7856 /* XCRemoteSwiftPackageReference "firebase-ios-sdk" */;
			productName = "FirebaseInAppMessagingSwift-Beta";
		};
		1D1459012B39B45E006D7856 /* FirebaseInstallations */ = {
			isa = XCSwiftPackageProductDependency;
			package = 1D1458DA2B39B45E006D7856 /* XCRemoteSwiftPackageReference "firebase-ios-sdk" */;
			productName = FirebaseInstallations;
		};
		1D1459032B39B45E006D7856 /* FirebaseMLModelDownloader */ = {
			isa = XCSwiftPackageProductDependency;
			package = 1D1458DA2B39B45E006D7856 /* XCRemoteSwiftPackageReference "firebase-ios-sdk" */;
			productName = FirebaseMLModelDownloader;
		};
		1D1459052B39B45E006D7856 /* FirebaseMessaging */ = {
			isa = XCSwiftPackageProductDependency;
			package = 1D1458DA2B39B45E006D7856 /* XCRemoteSwiftPackageReference "firebase-ios-sdk" */;
			productName = FirebaseMessaging;
		};
		1D1459072B39B45E006D7856 /* FirebasePerformance */ = {
			isa = XCSwiftPackageProductDependency;
			package = 1D1458DA2B39B45E006D7856 /* XCRemoteSwiftPackageReference "firebase-ios-sdk" */;
			productName = FirebasePerformance;
		};
		1D1459092B39B45E006D7856 /* FirebaseRemoteConfig */ = {
			isa = XCSwiftPackageProductDependency;
			package = 1D1458DA2B39B45E006D7856 /* XCRemoteSwiftPackageReference "firebase-ios-sdk" */;
			productName = FirebaseRemoteConfig;
		};
		1D14590B2B39B45E006D7856 /* FirebaseRemoteConfigSwift */ = {
			isa = XCSwiftPackageProductDependency;
			package = 1D1458DA2B39B45E006D7856 /* XCRemoteSwiftPackageReference "firebase-ios-sdk" */;
			productName = FirebaseRemoteConfigSwift;
		};
		1D14590D2B39B45E006D7856 /* FirebaseStorage */ = {
			isa = XCSwiftPackageProductDependency;
			package = 1D1458DA2B39B45E006D7856 /* XCRemoteSwiftPackageReference "firebase-ios-sdk" */;
			productName = FirebaseStorage;
		};
		1D14590F2B39B45E006D7856 /* FirebaseStorageCombine-Community */ = {
			isa = XCSwiftPackageProductDependency;
			package = 1D1458DA2B39B45E006D7856 /* XCRemoteSwiftPackageReference "firebase-ios-sdk" */;
			productName = "FirebaseStorageCombine-Community";
		};
/* End XCSwiftPackageProductDependency section */
	};
	rootObject = 1D1458BF2B39A684006D7856 /* Project object */;
}
